
Microsoft Visual Studio Solution File, Format Version 12.00
# Visual Studio Version 17
VisualStudioVersion = 17.4.33213.308
MinimumVisualStudioVersion = 10.0.40219.1
Project("{FAE04EC0-301F-11D3-BF4B-00C04F79EFBC}") = "Lab01", "Lab01\Lab01.csproj", "{5D967796-8BAF-4079-A42E-7AEC9C152068}"
EndProject
Global
	GlobalSection(SolutionConfigurationPlatforms) = preSolution
		Debug|Any CPU = Debug|Any CPU
		Release|Any CPU = Release|Any CPU
	EndGlobalSection
	GlobalSection(ProjectConfigurationPlatforms) = postSolution
		{5D967796-8BAF-4079-A42E-7AEC9C152068}.Debug|Any CPU.ActiveCfg = Debug|Any CPU
		{5D967796-8BAF-4079-A42E-7AEC9C152068}.Debug|Any CPU.Build.0 = Debug|Any CPU
		{5D967796-8BAF-4079-A42E-7AEC9C152068}.Release|Any CPU.ActiveCfg = Release|Any CPU
		{5D967796-8BAF-4079-A42E-7AEC9C152068}.Release|Any CPU.Build.0 = Release|Any CPU
	EndGlobalSection
	GlobalSection(SolutionProperties) = preSolution
		HideSolutionNode = FALSE
	EndGlobalSection
	GlobalSection(ExtensibilityGlobals) = postSolution
		SolutionGuid = {80725BEE-712A-4282-A522-E22727AAB3F3}
	EndGlobalSection
EndGlobal
